[1mdiff --git a/composer.json b/composer.json[m
[1mindex e37f9a5..94cc7a3 100644[m
[1m--- a/composer.json[m
[1m+++ b/composer.json[m
[36m@@ -64,6 +64,9 @@[m
         "allow-plugins": {[m
             "pestphp/pest-plugin": true,[m
             "php-http/discovery": true[m
[32m+[m[32m        },[m
[32m+[m[32m        "audit": {[m
[32m+[m[32m            "block-insecure": false[m
         }[m
     },[m
     "minimum-stability": "stable",[m
